
Microsoft Visual Studio Solution File, Format Version 12.00
# Visual Studio 15
VisualStudioVersion = 15.0.28307.106
MinimumVisualStudioVersion = 10.0.40219.1
Project("{9A19103F-16F7-4668-BE54-9A1E7A4F7556}") = "Alice", "Alice\Alice.csproj", "{202AE830-EAE6-4103-9843-392E0226E5D7}"
EndProject
Project("{9A19103F-16F7-4668-BE54-9A1E7A4F7556}") = "TrafficTimetable.Domain", "TrafficTimetable.Domain\TrafficTimetable.Domain.csproj", "{2DEF50E3-61B4-4539-A6EF-240333EE61CF}"
EndProject
Project("{FAE04EC0-301F-11D3-BF4B-00C04F79EFBC}") = "HttpListener", "HttpListener\HttpListener.csproj", "{64025AD0-69D9-467C-8A4A-A610F9C6F49A}"
	ProjectSection(ProjectDependencies) = postProject
		{6D98A94C-B4C5-4885-9BF9-BEAEE3E0E440} = {6D98A94C-B4C5-4885-9BF9-BEAEE3E0E440}
	EndProjectSection
EndProject
Project("{FAE04EC0-301F-11D3-BF4B-00C04F79EFBC}") = "TrafficTimetable.Infrastructure", "TrafficTimetable.Infrastructure\TrafficTimetable.Infrastructure.csproj", "{6D98A94C-B4C5-4885-9BF9-BEAEE3E0E440}"
EndProject
Global
	GlobalSection(SolutionConfigurationPlatforms) = preSolution
		Debug|Any CPU = Debug|Any CPU
		Release|Any CPU = Release|Any CPU
	EndGlobalSection
	GlobalSection(ProjectConfigurationPlatforms) = postSolution
		{202AE830-EAE6-4103-9843-392E0226E5D7}.Debug|Any CPU.ActiveCfg = Debug|Any CPU
		{202AE830-EAE6-4103-9843-392E0226E5D7}.Debug|Any CPU.Build.0 = Debug|Any CPU
		{202AE830-EAE6-4103-9843-392E0226E5D7}.Release|Any CPU.ActiveCfg = Release|Any CPU
		{202AE830-EAE6-4103-9843-392E0226E5D7}.Release|Any CPU.Build.0 = Release|Any CPU
		{2DEF50E3-61B4-4539-A6EF-240333EE61CF}.Debug|Any CPU.ActiveCfg = Debug|Any CPU
		{2DEF50E3-61B4-4539-A6EF-240333EE61CF}.Debug|Any CPU.Build.0 = Debug|Any CPU
		{2DEF50E3-61B4-4539-A6EF-240333EE61CF}.Release|Any CPU.ActiveCfg = Release|Any CPU
		{2DEF50E3-61B4-4539-A6EF-240333EE61CF}.Release|Any CPU.Build.0 = Release|Any CPU
		{64025AD0-69D9-467C-8A4A-A610F9C6F49A}.Debug|Any CPU.ActiveCfg = Debug|Any CPU
		{64025AD0-69D9-467C-8A4A-A610F9C6F49A}.Debug|Any CPU.Build.0 = Debug|Any CPU
		{64025AD0-69D9-467C-8A4A-A610F9C6F49A}.Release|Any CPU.ActiveCfg = Release|Any CPU
		{64025AD0-69D9-467C-8A4A-A610F9C6F49A}.Release|Any CPU.Build.0 = Release|Any CPU
		{6D98A94C-B4C5-4885-9BF9-BEAEE3E0E440}.Debug|Any CPU.ActiveCfg = Debug|Any CPU
		{6D98A94C-B4C5-4885-9BF9-BEAEE3E0E440}.Debug|Any CPU.Build.0 = Debug|Any CPU
		{6D98A94C-B4C5-4885-9BF9-BEAEE3E0E440}.Release|Any CPU.ActiveCfg = Release|Any CPU
		{6D98A94C-B4C5-4885-9BF9-BEAEE3E0E440}.Release|Any CPU.Build.0 = Release|Any CPU
	EndGlobalSection
	GlobalSection(SolutionProperties) = preSolution
		HideSolutionNode = FALSE
	EndGlobalSection
	GlobalSection(ExtensibilityGlobals) = postSolution
		SolutionGuid = {1C23EA45-89B7-4DBB-96C8-076A1E58D03A}
	EndGlobalSection
EndGlobal
